
Microsoft Visual Studio Solution File, Format Version 9.00
# Visual C++ Express 2005
Project("{8BC9CEB8-8B4A-11D0-8D11-00A0C91BC942}") = "arm9 template", "template.vcproj", "{03F9E3EC-1341-41FF-816A-F53050EDB21A}"
EndProject
Global
	GlobalSection(SolutionConfigurationPlatforms) = preSolution
		Debug|Win32 = Debug|Win32
		Release|Win32 = Release|Win32
	EndGlobalSection
	GlobalSection(ProjectConfigurationPlatforms) = postSolution
		{03F9E3EC-1341-41FF-816A-F53050EDB21A}.Debug|Win32.ActiveCfg = Debug|Win32
		{03F9E3EC-1341-41FF-816A-F53050EDB21A}.Debug|Win32.Build.0 = Debug|Win32
		{03F9E3EC-1341-41FF-816A-F53050EDB21A}.Release|Win32.ActiveCfg = Release|Win32
		{03F9E3EC-1341-41FF-816A-F53050EDB21A}.Release|Win32.Build.0 = Release|Win32
	EndGlobalSection
	GlobalSection(SolutionProperties) = preSolution
		HideSolutionNode = FALSE
	EndGlobalSection
EndGlobal
